// !$*UTF8*$!
{
	archiveVersion = 1;
	classes = {
	};
	objectVersion = 48;
	objects = {

/* Begin PBXBuildFile section */
		396B7137E1E176B73FD00AAA /* Pods_iOSProjectSwift.framework in Frameworks */ = {isa = PBXBuildFile; fileRef = A8F15010B79A24AA77B501DA /* Pods_iOSProjectSwift.framework */; };
		9707950F1FBF2A0600BD986E /* FBUserModel.swift in Sources */ = {isa = PBXBuildFile; fileRef = 9707950A1FBF2A0500BD986E /* FBUserModel.swift */; };
		970795101FBF2A0600BD986E /* FBCurrentUserModel.swift in Sources */ = {isa = PBXBuildFile; fileRef = 9707950C1FBF2A0600BD986E /* FBCurrentUserModel.swift */; };
		970795111FBF2A0600BD986E /* UserModel.swift in Sources */ = {isa = PBXBuildFile; fileRef = 9707950E1FBF2A0600BD986E /* UserModel.swift */; };
		970795141FBF307C00BD986E /* UsersModel.swift in Sources */ = {isa = PBXBuildFile; fileRef = 970795131FBF307C00BD986E /* UsersModel.swift */; };
		972038E41FBF759E003D686C /* Context.swift in Sources */ = {isa = PBXBuildFile; fileRef = 972038E21FBF759E003D686C /* Context.swift */; };
		972038E51FBF759E003D686C /* FBGetContext.swift in Sources */ = {isa = PBXBuildFile; fileRef = 972038E31FBF759E003D686C /* FBGetContext.swift */; };
		974809241FF6922B00CC34DB /* FBLoginViewModel.swift in Sources */ = {isa = PBXBuildFile; fileRef = 974809231FF6922B00CC34DB /* FBLoginViewModel.swift */; };
		97664CA91FE4365400A6D6AC /* Optional+Extensions.swift in Sources */ = {isa = PBXBuildFile; fileRef = 97664CA81FE4365400A6D6AC /* Optional+Extensions.swift */; };
		97664CAC1FE46EA400A6D6AC /* Result.swift in Sources */ = {isa = PBXBuildFile; fileRef = 97664CAB1FE46EA400A6D6AC /* Result.swift */; };
		976E49031FDEE17B00EDC78E /* WeakHashable.swift in Sources */ = {isa = PBXBuildFile; fileRef = 976E49021FDEE17A00EDC78E /* WeakHashable.swift */; };
		97766A6E1FBFC1E7000B3F89 /* LoadingView.xib in Resources */ = {isa = PBXBuildFile; fileRef = 97766A6D1FBFC1E7000B3F89 /* LoadingView.xib */; };
		979CC5DE1FB306A10023529F /* Model.swift in Sources */ = {isa = PBXBuildFile; fileRef = 979CC5DD1FB306A10023529F /* Model.swift */; };
		97A1367F1FDB1D49000FBFAD /* FBUserCell.swift in Sources */ = {isa = PBXBuildFile; fileRef = 97A1367E1FDB1D49000FBFAD /* FBUserCell.swift */; };
		97A136811FDB1D59000FBFAD /* FBUserCell.xib in Resources */ = {isa = PBXBuildFile; fileRef = 97A136801FDB1D59000FBFAD /* FBUserCell.xib */; };
		97A6B4DC1FC8445B00FACFE1 /* FBUserDetailContext.swift in Sources */ = {isa = PBXBuildFile; fileRef = 97A6B4DB1FC8445B00FACFE1 /* FBUserDetailContext.swift */; };
		97A6B4DE1FC8446C00FACFE1 /* FBFriendsContext.swift in Sources */ = {isa = PBXBuildFile; fileRef = 97A6B4DD1FC8446C00FACFE1 /* FBFriendsContext.swift */; };
		97A6B4E01FC8449900FACFE1 /* FBLogoutContext.swift in Sources */ = {isa = PBXBuildFile; fileRef = 97A6B4DF1FC8449900FACFE1 /* FBLogoutContext.swift */; };
		97A6B4E41FC880BC00FACFE1 /* FBParser.swift in Sources */ = {isa = PBXBuildFile; fileRef = 97A6B4E31FC880BC00FACFE1 /* FBParser.swift */; };
		97A6EF1A1FCF005700D9DDB5 /* UIViewAutoresizing+Extensions.swift in Sources */ = {isa = PBXBuildFile; fileRef = 97A6EF191FCF005700D9DDB5 /* UIViewAutoresizing+Extensions.swift */; };
		97A6EF1C1FD04DE100D9DDB5 /* FBLoginView.swift in Sources */ = {isa = PBXBuildFile; fileRef = 97A6EF1B1FD04DE100D9DDB5 /* FBLoginView.swift */; };
		97A6EF1E1FD04DFA00D9DDB5 /* FBLoginViewController.xib in Resources */ = {isa = PBXBuildFile; fileRef = 97A6EF1D1FD04DFA00D9DDB5 /* FBLoginViewController.xib */; };
		97A6EF211FD0652D00D9DDB5 /* FBUserDetailView.swift in Sources */ = {isa = PBXBuildFile; fileRef = 97A6EF201FD0652D00D9DDB5 /* FBUserDetailView.swift */; };
		97A6EF231FD0654500D9DDB5 /* FBUserDetailController.xib in Resources */ = {isa = PBXBuildFile; fileRef = 97A6EF221FD0654500D9DDB5 /* FBUserDetailController.xib */; };
		97A6EF251FD0975B00D9DDB5 /* FBFriendsView.swift in Sources */ = {isa = PBXBuildFile; fileRef = 97A6EF241FD0975B00D9DDB5 /* FBFriendsView.swift */; };
		97A6EF271FD0977100D9DDB5 /* FBFriendsViewController.xib in Resources */ = {isa = PBXBuildFile; fileRef = 97A6EF261FD0977100D9DDB5 /* FBFriendsViewController.xib */; };
		97A6EF2B1FD0A80F00D9DDB5 /* UIWindow+Extensions.swift in Sources */ = {isa = PBXBuildFile; fileRef = 97A6EF2A1FD0A80F00D9DDB5 /* UIWindow+Extensions.swift */; };
		97C1F3D31FBD9F6900F91F68 /* ArrayModelChange.swift in Sources */ = {isa = PBXBuildFile; fileRef = 97C1F3D21FBD9F6900F91F68 /* ArrayModelChange.swift */; };
		97C1F3D51FBD9F7F00F91F68 /* ArrayModelChangeAdd.swift in Sources */ = {isa = PBXBuildFile; fileRef = 97C1F3D41FBD9F7F00F91F68 /* ArrayModelChangeAdd.swift */; };
		97C1F3D71FBD9F9600F91F68 /* ArrayModelChangeMove.swift in Sources */ = {isa = PBXBuildFile; fileRef = 97C1F3D61FBD9F9600F91F68 /* ArrayModelChangeMove.swift */; };
		97C1F3D91FBD9FA600F91F68 /* ArrayModelChangeRemove.swift in Sources */ = {isa = PBXBuildFile; fileRef = 97C1F3D81FBD9FA600F91F68 /* ArrayModelChangeRemove.swift */; };
		97C376F51FBF90AD002C637A /* FBLoginContext.swift in Sources */ = {isa = PBXBuildFile; fileRef = 97C376F41FBF90AD002C637A /* FBLoginContext.swift */; };
		97C377011FBF9F17002C637A /* FBViewController.swift in Sources */ = {isa = PBXBuildFile; fileRef = 97C377001FBF9F17002C637A /* FBViewController.swift */; };
		97C377031FBF9F34002C637A /* FBLoginViewController.swift in Sources */ = {isa = PBXBuildFile; fileRef = 97C377021FBF9F34002C637A /* FBLoginViewController.swift */; };
		97C377051FBF9F52002C637A /* FBUserDetailViewController.swift in Sources */ = {isa = PBXBuildFile; fileRef = 97C377041FBF9F52002C637A /* FBUserDetailViewController.swift */; };
		97C377071FBF9F66002C637A /* FBFriendsViewController.swift in Sources */ = {isa = PBXBuildFile; fileRef = 97C377061FBF9F66002C637A /* FBFriendsViewController.swift */; };
		97C3770C1FBF9FFE002C637A /* ImageView.swift in Sources */ = {isa = PBXBuildFile; fileRef = 97C3770B1FBF9FFE002C637A /* ImageView.swift */; };
		97C3770E1FBFA00F002C637A /* LoadingView.swift in Sources */ = {isa = PBXBuildFile; fileRef = 97C3770D1FBFA00F002C637A /* LoadingView.swift */; };
		97C377101FBFA01B002C637A /* BaseView.swift in Sources */ = {isa = PBXBuildFile; fileRef = 97C3770F1FBFA01B002C637A /* BaseView.swift */; };
		97E42DF01FCDFFEF00A09233 /* RootViewProtocol.swift in Sources */ = {isa = PBXBuildFile; fileRef = 97E42DEF1FCDFFEF00A09233 /* RootViewProtocol.swift */; };
		97EED2241FB645A10088D7E8 /* ArrayModel.swift in Sources */ = {isa = PBXBuildFile; fileRef = 97EED2231FB645A10088D7E8 /* ArrayModel.swift */; };
		97F1AB2D1FA2309A00085BD6 /* AppDelegate.swift in Sources */ = {isa = PBXBuildFile; fileRef = 97F1AB2C1FA2309A00085BD6 /* AppDelegate.swift */; };
		97F1AB341FA2309A00085BD6 /* Assets.xcassets in Resources */ = {isa = PBXBuildFile; fileRef = 97F1AB331FA2309A00085BD6 /* Assets.xcassets */; };
		97FC17311FC6E4A900F2F798 /* GlobalFunctions.swift in Sources */ = {isa = PBXBuildFile; fileRef = 97FC17261FC6E4A900F2F798 /* GlobalFunctions.swift */; };
		97FC17321FC6E4A900F2F798 /* ImageModelCache.swift in Sources */ = {isa = PBXBuildFile; fileRef = 97FC17281FC6E4A900F2F798 /* ImageModelCache.swift */; };
		97FC17331FC6E4A900F2F798 /* ObservableObject.swift in Sources */ = {isa = PBXBuildFile; fileRef = 97FC172A1FC6E4A900F2F798 /* ObservableObject.swift */; };
		97FC17341FC6E4A900F2F798 /* Array+Extensions.swift in Sources */ = {isa = PBXBuildFile; fileRef = 97FC172C1FC6E4A900F2F798 /* Array+Extensions.swift */; };
		97FC17351FC6E4A900F2F798 /* FileManager+Extensions.swift in Sources */ = {isa = PBXBuildFile; fileRef = 97FC172D1FC6E4A900F2F798 /* FileManager+Extensions.swift */; };
		97FC17361FC6E4A900F2F798 /* String+Extensions.swift in Sources */ = {isa = PBXBuildFile; fileRef = 97FC172E1FC6E4A900F2F798 /* String+Extensions.swift */; };
		97FC17371FC6E4A900F2F798 /* UINib+Extensions.swift in Sources */ = {isa = PBXBuildFile; fileRef = 97FC172F1FC6E4A900F2F798 /* UINib+Extensions.swift */; };
		97FC17381FC6E4A900F2F798 /* UITableView+Extensions.swift in Sources */ = {isa = PBXBuildFile; fileRef = 97FC17301FC6E4A900F2F798 /* UITableView+Extensions.swift */; };
		97FCD6A71FB45F58007BD5A9 /* ImageModel.swift in Sources */ = {isa = PBXBuildFile; fileRef = 97FCD6A61FB45F58007BD5A9 /* ImageModel.swift */; };
		97FCD6A91FB45F77007BD5A9 /* FileSystemImageModel.swift in Sources */ = {isa = PBXBuildFile; fileRef = 97FCD6A81FB45F77007BD5A9 /* FileSystemImageModel.swift */; };
		97FCD6AB1FB45F8C007BD5A9 /* InternetImageModel.swift in Sources */ = {isa = PBXBuildFile; fileRef = 97FCD6AA1FB45F8C007BD5A9 /* InternetImageModel.swift */; };
/* End PBXBuildFile section */

/* Begin PBXFileReference section */
		94999868D8AD3E4F26077385 /* Pods-iOSProjectSwift.debug.xcconfig */ = {isa = PBXFileReference; includeInIndex = 1; lastKnownFileType = text.xcconfig; name = "Pods-iOSProjectSwift.debug.xcconfig"; path = "Pods/Target Support Files/Pods-iOSProjectSwift/Pods-iOSProjectSwift.debug.xcconfig"; sourceTree = "<group>"; };
		9707950A1FBF2A0500BD986E /* FBUserModel.swift */ = {isa = PBXFileReference; fileEncoding = 4; lastKnownFileType = sourcecode.swift; path = FBUserModel.swift; sourceTree = "<group>"; };
		9707950C1FBF2A0600BD986E /* FBCurrentUserModel.swift */ = {isa = PBXFileReference; fileEncoding = 4; lastKnownFileType = sourcecode.swift; path = FBCurrentUserModel.swift; sourceTree = "<group>"; };
		9707950E1FBF2A0600BD986E /* UserModel.swift */ = {isa = PBXFileReference; fileEncoding = 4; lastKnownFileType = sourcecode.swift; path = UserModel.swift; sourceTree = "<group>"; };
		970795131FBF307C00BD986E /* UsersModel.swift */ = {isa = PBXFileReference; lastKnownFileType = sourcecode.swift; path = UsersModel.swift; sourceTree = "<group>"; };
		972038E21FBF759E003D686C /* Context.swift */ = {isa = PBXFileReference; fileEncoding = 4; lastKnownFileType = sourcecode.swift; path = Context.swift; sourceTree = "<group>"; };
		972038E31FBF759E003D686C /* FBGetContext.swift */ = {isa = PBXFileReference; fileEncoding = 4; lastKnownFileType = sourcecode.swift; path = FBGetContext.swift; sourceTree = "<group>"; };
		974809231FF6922B00CC34DB /* FBLoginViewModel.swift */ = {isa = PBXFileReference; lastKnownFileType = sourcecode.swift; path = FBLoginViewModel.swift; sourceTree = "<group>"; };
		97664CA81FE4365400A6D6AC /* Optional+Extensions.swift */ = {isa = PBXFileReference; lastKnownFileType = sourcecode.swift; path = "Optional+Extensions.swift"; sourceTree = "<group>"; };
		97664CAB1FE46EA400A6D6AC /* Result.swift */ = {isa = PBXFileReference; lastKnownFileType = sourcecode.swift; path = Result.swift; sourceTree = "<group>"; };
		976E49021FDEE17A00EDC78E /* WeakHashable.swift */ = {isa = PBXFileReference; fileEncoding = 4; lastKnownFileType = sourcecode.swift; path = WeakHashable.swift; sourceTree = "<group>"; };
		97766A6D1FBFC1E7000B3F89 /* LoadingView.xib */ = {isa = PBXFileReference; lastKnownFileType = file.xib; path = LoadingView.xib; sourceTree = "<group>"; };
		979CC5DD1FB306A10023529F /* Model.swift */ = {isa = PBXFileReference; fileEncoding = 4; lastKnownFileType = sourcecode.swift; path = Model.swift; sourceTree = "<group>"; };
		97A1367E1FDB1D49000FBFAD /* FBUserCell.swift */ = {isa = PBXFileReference; lastKnownFileType = sourcecode.swift; path = FBUserCell.swift; sourceTree = "<group>"; };
		97A136801FDB1D59000FBFAD /* FBUserCell.xib */ = {isa = PBXFileReference; lastKnownFileType = file.xib; path = FBUserCell.xib; sourceTree = "<group>"; };
		97A6B4DB1FC8445B00FACFE1 /* FBUserDetailContext.swift */ = {isa = PBXFileReference; lastKnownFileType = sourcecode.swift; path = FBUserDetailContext.swift; sourceTree = "<group>"; };
		97A6B4DD1FC8446C00FACFE1 /* FBFriendsContext.swift */ = {isa = PBXFileReference; lastKnownFileType = sourcecode.swift; path = FBFriendsContext.swift; sourceTree = "<group>"; };
		97A6B4DF1FC8449900FACFE1 /* FBLogoutContext.swift */ = {isa = PBXFileReference; lastKnownFileType = sourcecode.swift; path = FBLogoutContext.swift; sourceTree = "<group>"; };
		97A6B4E31FC880BC00FACFE1 /* FBParser.swift */ = {isa = PBXFileReference; lastKnownFileType = sourcecode.swift; path = FBParser.swift; sourceTree = "<group>"; };
		97A6EF191FCF005700D9DDB5 /* UIViewAutoresizing+Extensions.swift */ = {isa = PBXFileReference; lastKnownFileType = sourcecode.swift; path = "UIViewAutoresizing+Extensions.swift"; sourceTree = "<group>"; };
		97A6EF1B1FD04DE100D9DDB5 /* FBLoginView.swift */ = {isa = PBXFileReference; lastKnownFileType = sourcecode.swift; path = FBLoginView.swift; sourceTree = "<group>"; };
		97A6EF1D1FD04DFA00D9DDB5 /* FBLoginViewController.xib */ = {isa = PBXFileReference; lastKnownFileType = file.xib; path = FBLoginViewController.xib; sourceTree = "<group>"; };
		97A6EF201FD0652D00D9DDB5 /* FBUserDetailView.swift */ = {isa = PBXFileReference; lastKnownFileType = sourcecode.swift; path = FBUserDetailView.swift; sourceTree = "<group>"; };
		97A6EF221FD0654500D9DDB5 /* FBUserDetailController.xib */ = {isa = PBXFileReference; lastKnownFileType = file.xib; path = FBUserDetailController.xib; sourceTree = "<group>"; };
		97A6EF241FD0975B00D9DDB5 /* FBFriendsView.swift */ = {isa = PBXFileReference; lastKnownFileType = sourcecode.swift; path = FBFriendsView.swift; sourceTree = "<group>"; };
		97A6EF261FD0977100D9DDB5 /* FBFriendsViewController.xib */ = {isa = PBXFileReference; lastKnownFileType = file.xib; path = FBFriendsViewController.xib; sourceTree = "<group>"; };
		97A6EF2A1FD0A80F00D9DDB5 /* UIWindow+Extensions.swift */ = {isa = PBXFileReference; lastKnownFileType = sourcecode.swift; path = "UIWindow+Extensions.swift"; sourceTree = "<group>"; };
		97C1F3D21FBD9F6900F91F68 /* ArrayModelChange.swift */ = {isa = PBXFileReference; lastKnownFileType = sourcecode.swift; path = ArrayModelChange.swift; sourceTree = "<group>"; };
		97C1F3D41FBD9F7F00F91F68 /* ArrayModelChangeAdd.swift */ = {isa = PBXFileReference; lastKnownFileType = sourcecode.swift; path = ArrayModelChangeAdd.swift; sourceTree = "<group>"; };
		97C1F3D61FBD9F9600F91F68 /* ArrayModelChangeMove.swift */ = {isa = PBXFileReference; lastKnownFileType = sourcecode.swift; path = ArrayModelChangeMove.swift; sourceTree = "<group>"; };
		97C1F3D81FBD9FA600F91F68 /* ArrayModelChangeRemove.swift */ = {isa = PBXFileReference; lastKnownFileType = sourcecode.swift; path = ArrayModelChangeRemove.swift; sourceTree = "<group>"; };
		97C376F41FBF90AD002C637A /* FBLoginContext.swift */ = {isa = PBXFileReference; lastKnownFileType = sourcecode.swift; path = FBLoginContext.swift; sourceTree = "<group>"; };
		97C377001FBF9F17002C637A /* FBViewController.swift */ = {isa = PBXFileReference; lastKnownFileType = sourcecode.swift; path = FBViewController.swift; sourceTree = "<group>"; };
		97C377021FBF9F34002C637A /* FBLoginViewController.swift */ = {isa = PBXFileReference; lastKnownFileType = sourcecode.swift; path = FBLoginViewController.swift; sourceTree = "<group>"; };
		97C377041FBF9F52002C637A /* FBUserDetailViewController.swift */ = {isa = PBXFileReference; lastKnownFileType = sourcecode.swift; path = FBUserDetailViewController.swift; sourceTree = "<group>"; };
		97C377061FBF9F66002C637A /* FBFriendsViewController.swift */ = {isa = PBXFileReference; lastKnownFileType = sourcecode.swift; path = FBFriendsViewController.swift; sourceTree = "<group>"; };
		97C3770B1FBF9FFE002C637A /* ImageView.swift */ = {isa = PBXFileReference; lastKnownFileType = sourcecode.swift; path = ImageView.swift; sourceTree = "<group>"; };
		97C3770D1FBFA00F002C637A /* LoadingView.swift */ = {isa = PBXFileReference; lastKnownFileType = sourcecode.swift; path = LoadingView.swift; sourceTree = "<group>"; };
		97C3770F1FBFA01B002C637A /* BaseView.swift */ = {isa = PBXFileReference; lastKnownFileType = sourcecode.swift; path = BaseView.swift; sourceTree = "<group>"; };
		97E42DEF1FCDFFEF00A09233 /* RootViewProtocol.swift */ = {isa = PBXFileReference; lastKnownFileType = sourcecode.swift; path = RootViewProtocol.swift; sourceTree = "<group>"; };
		97EED2231FB645A10088D7E8 /* ArrayModel.swift */ = {isa = PBXFileReference; lastKnownFileType = sourcecode.swift; path = ArrayModel.swift; sourceTree = "<group>"; };
		97F1AB291FA2309A00085BD6 /* iOSProjectSwift.app */ = {isa = PBXFileReference; explicitFileType = wrapper.application; includeInIndex = 0; path = iOSProjectSwift.app; sourceTree = BUILT_PRODUCTS_DIR; };
		97F1AB2C1FA2309A00085BD6 /* AppDelegate.swift */ = {isa = PBXFileReference; lastKnownFileType = sourcecode.swift; path = AppDelegate.swift; sourceTree = "<group>"; };
		97F1AB331FA2309A00085BD6 /* Assets.xcassets */ = {isa = PBXFileReference; lastKnownFileType = folder.assetcatalog; path = Assets.xcassets; sourceTree = "<group>"; };
		97F1AB381FA2309A00085BD6 /* Info.plist */ = {isa = PBXFileReference; lastKnownFileType = text.plist.xml; path = Info.plist; sourceTree = "<group>"; };
		97FC17261FC6E4A900F2F798 /* GlobalFunctions.swift */ = {isa = PBXFileReference; fileEncoding = 4; lastKnownFileType = sourcecode.swift; path = GlobalFunctions.swift; sourceTree = "<group>"; };
		97FC17281FC6E4A900F2F798 /* ImageModelCache.swift */ = {isa = PBXFileReference; fileEncoding = 4; lastKnownFileType = sourcecode.swift; path = ImageModelCache.swift; sourceTree = "<group>"; };
		97FC172A1FC6E4A900F2F798 /* ObservableObject.swift */ = {isa = PBXFileReference; fileEncoding = 4; lastKnownFileType = sourcecode.swift; path = ObservableObject.swift; sourceTree = "<group>"; };
		97FC172C1FC6E4A900F2F798 /* Array+Extensions.swift */ = {isa = PBXFileReference; fileEncoding = 4; lastKnownFileType = sourcecode.swift; path = "Array+Extensions.swift"; sourceTree = "<group>"; };
		97FC172D1FC6E4A900F2F798 /* FileManager+Extensions.swift */ = {isa = PBXFileReference; fileEncoding = 4; lastKnownFileType = sourcecode.swift; path = "FileManager+Extensions.swift"; sourceTree = "<group>"; };
		97FC172E1FC6E4A900F2F798 /* String+Extensions.swift */ = {isa = PBXFileReference; fileEncoding = 4; lastKnownFileType = sourcecode.swift; path = "String+Extensions.swift"; sourceTree = "<group>"; };
		97FC172F1FC6E4A900F2F798 /* UINib+Extensions.swift */ = {isa = PBXFileReference; fileEncoding = 4; lastKnownFileType = sourcecode.swift; path = "UINib+Extensions.swift"; sourceTree = "<group>"; };
		97FC17301FC6E4A900F2F798 /* UITableView+Extensions.swift */ = {isa = PBXFileReference; fileEncoding = 4; lastKnownFileType = sourcecode.swift; path = "UITableView+Extensions.swift"; sourceTree = "<group>"; };
		97FCD6A61FB45F58007BD5A9 /* ImageModel.swift */ = {isa = PBXFileReference; lastKnownFileType = sourcecode.swift; path = ImageModel.swift; sourceTree = "<group>"; };
		97FCD6A81FB45F77007BD5A9 /* FileSystemImageModel.swift */ = {isa = PBXFileReference; lastKnownFileType = sourcecode.swift; path = FileSystemImageModel.swift; sourceTree = "<group>"; };
		97FCD6AA1FB45F8C007BD5A9 /* InternetImageModel.swift */ = {isa = PBXFileReference; lastKnownFileType = sourcecode.swift; path = InternetImageModel.swift; sourceTree = "<group>"; };
		A8F15010B79A24AA77B501DA /* Pods_iOSProjectSwift.framework */ = {isa = PBXFileReference; explicitFileType = wrapper.framework; includeInIndex = 0; path = Pods_iOSProjectSwift.framework; sourceTree = BUILT_PRODUCTS_DIR; };
		D6A1CAB3BF78188444751878 /* Pods-iOSProjectSwift.release.xcconfig */ = {isa = PBXFileReference; includeInIndex = 1; lastKnownFileType = text.xcconfig; name = "Pods-iOSProjectSwift.release.xcconfig"; path = "Pods/Target Support Files/Pods-iOSProjectSwift/Pods-iOSProjectSwift.release.xcconfig"; sourceTree = "<group>"; };
/* End PBXFileReference section */

/* Begin PBXFrameworksBuildPhase section */
		97F1AB261FA2309A00085BD6 /* Frameworks */ = {
			isa = PBXFrameworksBuildPhase;
			buildActionMask = 2147483647;
			files = (
				396B7137E1E176B73FD00AAA /* Pods_iOSProjectSwift.framework in Frameworks */,
			);
			runOnlyForDeploymentPostprocessing = 0;
		};
/* End PBXFrameworksBuildPhase section */

/* Begin PBXGroup section */
		5886B85332B7322EF71E370F /* Frameworks */ = {
			isa = PBXGroup;
			children = (
				A8F15010B79A24AA77B501DA /* Pods_iOSProjectSwift.framework */,
			);
			name = Frameworks;
			sourceTree = "<group>";
		};
		970795091FBF2A0500BD986E /* FBUserModel */ = {
			isa = PBXGroup;
			children = (
				9707950A1FBF2A0500BD986E /* FBUserModel.swift */,
			);
			path = FBUserModel;
			sourceTree = "<group>";
		};
		9707950B1FBF2A0600BD986E /* FBCurrentUserModel */ = {
			isa = PBXGroup;
			children = (
				9707950C1FBF2A0600BD986E /* FBCurrentUserModel.swift */,
			);
			path = FBCurrentUserModel;
			sourceTree = "<group>";
		};
		9707950D1FBF2A0600BD986E /* UserModel */ = {
			isa = PBXGroup;
			children = (
				9707950E1FBF2A0600BD986E /* UserModel.swift */,
			);
			path = UserModel;
			sourceTree = "<group>";
		};
		970795121FBF306800BD986E /* UsersModel */ = {
			isa = PBXGroup;
			children = (
				970795131FBF307C00BD986E /* UsersModel.swift */,
			);
			path = UsersModel;
			sourceTree = "<group>";
		};
		972038E11FBF759E003D686C /* Contexts */ = {
			isa = PBXGroup;
			children = (
				972038E21FBF759E003D686C /* Context.swift */,
				972038E31FBF759E003D686C /* FBGetContext.swift */,
				97A6B4DB1FC8445B00FACFE1 /* FBUserDetailContext.swift */,
				97A6B4DD1FC8446C00FACFE1 /* FBFriendsContext.swift */,
				97C376F41FBF90AD002C637A /* FBLoginContext.swift */,
				97A6B4DF1FC8449900FACFE1 /* FBLogoutContext.swift */,
			);
			path = Contexts;
			sourceTree = "<group>";
		};
		974809221FF6921200CC34DB /* ViewModels */ = {
			isa = PBXGroup;
			children = (
				974809231FF6922B00CC34DB /* FBLoginViewModel.swift */,
			);
			path = ViewModels;
			sourceTree = "<group>";
		};
		97664CAA1FE46E9500A6D6AC /* Result */ = {
			isa = PBXGroup;
			children = (
				97664CAB1FE46EA400A6D6AC /* Result.swift */,
			);
			path = Result;
			sourceTree = "<group>";
		};
		976E49011FDEE17A00EDC78E /* WeakHashable */ = {
			isa = PBXGroup;
			children = (
				976E49021FDEE17A00EDC78E /* WeakHashable.swift */,
			);
			path = WeakHashable;
			sourceTree = "<group>";
		};
		978F527FD881D54FB9D9A709 /* Pods */ = {
			isa = PBXGroup;
			children = (
				94999868D8AD3E4F26077385 /* Pods-iOSProjectSwift.debug.xcconfig */,
				D6A1CAB3BF78188444751878 /* Pods-iOSProjectSwift.release.xcconfig */,
			);
			name = Pods;
			sourceTree = "<group>";
		};
		97928B3A1FAC6393005DEFEE /* Resource */ = {
			isa = PBXGroup;
			children = (
				97F1AB331FA2309A00085BD6 /* Assets.xcassets */,
			);
			path = Resource;
			sourceTree = "<group>";
		};
		97928B3B1FAC6393005DEFEE /* Source */ = {
			isa = PBXGroup;
			children = (
				97928B3D1FAC6447005DEFEE /* UI */,
				97928B3E1FAC6447005DEFEE /* Models */,
				97FC17231FC6E4A900F2F798 /* Library */,
			);
			path = Source;
			sourceTree = "<group>";
		};
		97928B3D1FAC6447005DEFEE /* UI */ = {
			isa = PBXGroup;
			children = (
				974809221FF6921200CC34DB /* ViewModels */,
				97C376FB1FBF9D7A002C637A /* ViewControllers */,
				97C376FA1FBF9D7A002C637A /* Views */,
			);
			path = UI;
			sourceTree = "<group>";
		};
		97928B3E1FAC6447005DEFEE /* Models */ = {
			isa = PBXGroup;
			children = (
				972038E11FBF759E003D686C /* Contexts */,
				970795121FBF306800BD986E /* UsersModel */,
				9707950B1FBF2A0600BD986E /* FBCurrentUserModel */,
				970795091FBF2A0500BD986E /* FBUserModel */,
				9707950D1FBF2A0600BD986E /* UserModel */,
				97EED2221FB6458F0088D7E8 /* ArrayModel */,
				979CC5E41FB34C9F0023529F /* ImageModel */,
				979CC5DC1FB306A10023529F /* Model */,
			);
			path = Models;
			sourceTree = "<group>";
		};
		979CC5DC1FB306A10023529F /* Model */ = {
			isa = PBXGroup;
			children = (
				979CC5DD1FB306A10023529F /* Model.swift */,
			);
			path = Model;
			sourceTree = "<group>";
		};
		979CC5E41FB34C9F0023529F /* ImageModel */ = {
			isa = PBXGroup;
			children = (
				97FCD6A61FB45F58007BD5A9 /* ImageModel.swift */,
				97FCD6A41FB45EFC007BD5A9 /* FileSystemImageModel */,
				97FCD6A51FB45EFC007BD5A9 /* InternetImageModel */,
			);
			path = ImageModel;
			sourceTree = "<group>";
		};
		97A1367D1FDB1D3C000FBFAD /* FBUserCell */ = {
			isa = PBXGroup;
			children = (
				97A1367E1FDB1D49000FBFAD /* FBUserCell.swift */,
				97A136801FDB1D59000FBFAD /* FBUserCell.xib */,
			);
			path = FBUserCell;
			sourceTree = "<group>";
		};
		97A6B4E21FC880AF00FACFE1 /* FBParser */ = {
			isa = PBXGroup;
			children = (
				97A6B4E31FC880BC00FACFE1 /* FBParser.swift */,
			);
			path = FBParser;
			sourceTree = "<group>";
		};
		97C1F3CE1FBD98E000F91F68 /* ArrayModelChange */ = {
			isa = PBXGroup;
			children = (
				97C1F3D21FBD9F6900F91F68 /* ArrayModelChange.swift */,
				97C1F3CF1FBD9F5200F91F68 /* ArrayModelChangeAdd */,
				97C1F3D01FBD9F5200F91F68 /* ArrayModelChangeMove */,
				97C1F3D11FBD9F5200F91F68 /* ArrayModelChangeRemove */,
			);
			path = ArrayModelChange;
			sourceTree = "<group>";
		};
		97C1F3CF1FBD9F5200F91F68 /* ArrayModelChangeAdd */ = {
			isa = PBXGroup;
			children = (
				97C1F3D41FBD9F7F00F91F68 /* ArrayModelChangeAdd.swift */,
			);
			path = ArrayModelChangeAdd;
			sourceTree = "<group>";
		};
		97C1F3D01FBD9F5200F91F68 /* ArrayModelChangeMove */ = {
			isa = PBXGroup;
			children = (
				97C1F3D61FBD9F9600F91F68 /* ArrayModelChangeMove.swift */,
			);
			path = ArrayModelChangeMove;
			sourceTree = "<group>";
		};
		97C1F3D11FBD9F5200F91F68 /* ArrayModelChangeRemove */ = {
			isa = PBXGroup;
			children = (
				97C1F3D81FBD9FA600F91F68 /* ArrayModelChangeRemove.swift */,
			);
			path = ArrayModelChangeRemove;
			sourceTree = "<group>";
		};
		97C376FA1FBF9D7A002C637A /* Views */ = {
			isa = PBXGroup;
			children = (
				97C3770A1FBF9FED002C637A /* ImageView */,
				97C377081FBF9FED002C637A /* LoadingView */,
				97C377091FBF9FED002C637A /* BaseView */,
			);
			path = Views;
			sourceTree = "<group>";
		};
		97C376FB1FBF9D7A002C637A /* ViewControllers */ = {
			isa = PBXGroup;
			children = (
				97C376FC1FBF9F03002C637A /* FBViewController */,
				97C376FD1FBF9F03002C637A /* FBLoginViewController */,
				97C376FE1FBF9F03002C637A /* FBUserDetailViewController */,
				97C376FF1FBF9F03002C637A /* FBFriendsViewController */,
			);
			path = ViewControllers;
			sourceTree = "<group>";
		};
		97C376FC1FBF9F03002C637A /* FBViewController */ = {
			isa = PBXGroup;
			children = (
				97C377001FBF9F17002C637A /* FBViewController.swift */,
			);
			path = FBViewController;
			sourceTree = "<group>";
		};
		97C376FD1FBF9F03002C637A /* FBLoginViewController */ = {
			isa = PBXGroup;
			children = (
				97A6EF1B1FD04DE100D9DDB5 /* FBLoginView.swift */,
				97C377021FBF9F34002C637A /* FBLoginViewController.swift */,
				97A6EF1D1FD04DFA00D9DDB5 /* FBLoginViewController.xib */,
			);
			path = FBLoginViewController;
			sourceTree = "<group>";
		};
		97C376FE1FBF9F03002C637A /* FBUserDetailViewController */ = {
			isa = PBXGroup;
			children = (
				97A6EF201FD0652D00D9DDB5 /* FBUserDetailView.swift */,
				97C377041FBF9F52002C637A /* FBUserDetailViewController.swift */,
				97A6EF221FD0654500D9DDB5 /* FBUserDetailController.xib */,
			);
			path = FBUserDetailViewController;
			sourceTree = "<group>";
		};
		97C376FF1FBF9F03002C637A /* FBFriendsViewController */ = {
			isa = PBXGroup;
			children = (
				97A6EF241FD0975B00D9DDB5 /* FBFriendsView.swift */,
				97C377061FBF9F66002C637A /* FBFriendsViewController.swift */,
				97A6EF261FD0977100D9DDB5 /* FBFriendsViewController.xib */,
				97A1367D1FDB1D3C000FBFAD /* FBUserCell */,
			);
			path = FBFriendsViewController;
			sourceTree = "<group>";
		};
		97C377081FBF9FED002C637A /* LoadingView */ = {
			isa = PBXGroup;
			children = (
				97C3770D1FBFA00F002C637A /* LoadingView.swift */,
				97766A6D1FBFC1E7000B3F89 /* LoadingView.xib */,
			);
			path = LoadingView;
			sourceTree = "<group>";
		};
		97C377091FBF9FED002C637A /* BaseView */ = {
			isa = PBXGroup;
			children = (
				97C3770F1FBFA01B002C637A /* BaseView.swift */,
			);
			path = BaseView;
			sourceTree = "<group>";
		};
		97C3770A1FBF9FED002C637A /* ImageView */ = {
			isa = PBXGroup;
			children = (
				97C3770B1FBF9FFE002C637A /* ImageView.swift */,
			);
			path = ImageView;
			sourceTree = "<group>";
		};
		97E42DEE1FCDFFDC00A09233 /* Protocols */ = {
			isa = PBXGroup;
			children = (
				97E42DEF1FCDFFEF00A09233 /* RootViewProtocol.swift */,
			);
			path = Protocols;
			sourceTree = "<group>";
		};
		97EED2221FB6458F0088D7E8 /* ArrayModel */ = {
			isa = PBXGroup;
			children = (
				97EED2231FB645A10088D7E8 /* ArrayModel.swift */,
				97C1F3CE1FBD98E000F91F68 /* ArrayModelChange */,
			);
			path = ArrayModel;
			sourceTree = "<group>";
		};
		97F1AB201FA2309A00085BD6 = {
			isa = PBXGroup;
			children = (
				97F1AB2B1FA2309A00085BD6 /* iOSProjectSwift */,
				97F1AB2A1FA2309A00085BD6 /* Products */,
				978F527FD881D54FB9D9A709 /* Pods */,
				5886B85332B7322EF71E370F /* Frameworks */,
			);
			sourceTree = "<group>";
		};
		97F1AB2A1FA2309A00085BD6 /* Products */ = {
			isa = PBXGroup;
			children = (
				97F1AB291FA2309A00085BD6 /* iOSProjectSwift.app */,
			);
			name = Products;
			sourceTree = "<group>";
		};
		97F1AB2B1FA2309A00085BD6 /* iOSProjectSwift */ = {
			isa = PBXGroup;
			children = (
				97F1AB2C1FA2309A00085BD6 /* AppDelegate.swift */,
				97F1AB381FA2309A00085BD6 /* Info.plist */,
				97928B3A1FAC6393005DEFEE /* Resource */,
				97928B3B1FAC6393005DEFEE /* Source */,
			);
			path = iOSProjectSwift;
			sourceTree = "<group>";
		};
		97FC17231FC6E4A900F2F798 /* Library */ = {
			isa = PBXGroup;
			children = (
				97E42DEE1FCDFFDC00A09233 /* Protocols */,
				97FC17251FC6E4A900F2F798 /* GlobalFunctions */,
				97FC17241FC6E4A900F2F798 /* Classes */,
				97FC172B1FC6E4A900F2F798 /* Extensions */,
			);
			path = Library;
			sourceTree = "<group>";
		};
		97FC17241FC6E4A900F2F798 /* Classes */ = {
			isa = PBXGroup;
			children = (
				97664CAA1FE46E9500A6D6AC /* Result */,
				976E49011FDEE17A00EDC78E /* WeakHashable */,
				97A6B4E21FC880AF00FACFE1 /* FBParser */,
				97FC17271FC6E4A900F2F798 /* ImageModelCache */,
				97FC17291FC6E4A900F2F798 /* ObservableObject */,
			);
			path = Classes;
			sourceTree = "<group>";
		};
		97FC17251FC6E4A900F2F798 /* GlobalFunctions */ = {
			isa = PBXGroup;
			children = (
				97FC17261FC6E4A900F2F798 /* GlobalFunctions.swift */,
			);
			path = GlobalFunctions;
			sourceTree = "<group>";
		};
		97FC17271FC6E4A900F2F798 /* ImageModelCache */ = {
			isa = PBXGroup;
			children = (
				97FC17281FC6E4A900F2F798 /* ImageModelCache.swift */,
			);
			path = ImageModelCache;
			sourceTree = "<group>";
		};
		97FC17291FC6E4A900F2F798 /* ObservableObject */ = {
			isa = PBXGroup;
			children = (
				97FC172A1FC6E4A900F2F798 /* ObservableObject.swift */,
			);
			path = ObservableObject;
			sourceTree = "<group>";
		};
		97FC172B1FC6E4A900F2F798 /* Extensions */ = {
			isa = PBXGroup;
			children = (
				97FC172C1FC6E4A900F2F798 /* Array+Extensions.swift */,
				97A6EF2A1FD0A80F00D9DDB5 /* UIWindow+Extensions.swift */,
				97FC172D1FC6E4A900F2F798 /* FileManager+Extensions.swift */,
				97FC172E1FC6E4A900F2F798 /* String+Extensions.swift */,
				97FC172F1FC6E4A900F2F798 /* UINib+Extensions.swift */,
				97FC17301FC6E4A900F2F798 /* UITableView+Extensions.swift */,
				97A6EF191FCF005700D9DDB5 /* UIViewAutoresizing+Extensions.swift */,
				97664CA81FE4365400A6D6AC /* Optional+Extensions.swift */,
			);
			path = Extensions;
			sourceTree = "<group>";
		};
		97FCD6A41FB45EFC007BD5A9 /* FileSystemImageModel */ = {
			isa = PBXGroup;
			children = (
				97FCD6A81FB45F77007BD5A9 /* FileSystemImageModel.swift */,
			);
			path = FileSystemImageModel;
			sourceTree = "<group>";
		};
		97FCD6A51FB45EFC007BD5A9 /* InternetImageModel */ = {
			isa = PBXGroup;
			children = (
				97FCD6AA1FB45F8C007BD5A9 /* InternetImageModel.swift */,
			);
			path = InternetImageModel;
			sourceTree = "<group>";
		};
/* End PBXGroup section */

/* Begin PBXNativeTarget section */
		97F1AB281FA2309A00085BD6 /* iOSProjectSwift */ = {
			isa = PBXNativeTarget;
			buildConfigurationList = 97F1AB3B1FA2309A00085BD6 /* Build configuration list for PBXNativeTarget "iOSProjectSwift" */;
			buildPhases = (
				3305054D2FE7C3FEB6712CD1 /* [CP] Check Pods Manifest.lock */,
				97F1AB251FA2309A00085BD6 /* Sources */,
				97F1AB261FA2309A00085BD6 /* Frameworks */,
				97F1AB271FA2309A00085BD6 /* Resources */,
				FF7B06AB528787F1F0694F70 /* [CP] Embed Pods Frameworks */,
			);
			buildRules = (
			);
			dependencies = (
			);
			name = iOSProjectSwift;
			productName = iOSProjectSwift;
			productReference = 97F1AB291FA2309A00085BD6 /* iOSProjectSwift.app */;
			productType = "com.apple.product-type.application";
		};
/* End PBXNativeTarget section */

/* Begin PBXProject section */
		97F1AB211FA2309A00085BD6 /* Project object */ = {
			isa = PBXProject;
			attributes = {
				LastSwiftUpdateCheck = 0900;
				LastUpgradeCheck = 0900;
				ORGANIZATIONNAME = "Andrew Boychuk";
				TargetAttributes = {
					97F1AB281FA2309A00085BD6 = {
						CreatedOnToolsVersion = 9.0.1;
						ProvisioningStyle = Automatic;
					};
				};
			};
			buildConfigurationList = 97F1AB241FA2309A00085BD6 /* Build configuration list for PBXProject "iOSProjectSwift" */;
			compatibilityVersion = "Xcode 8.0";
			developmentRegion = en;
			hasScannedForEncodings = 0;
			knownRegions = (
				en,
				Base,
			);
			mainGroup = 97F1AB201FA2309A00085BD6;
			productRefGroup = 97F1AB2A1FA2309A00085BD6 /* Products */;
			projectDirPath = "";
			projectRoot = "";
			targets = (
				97F1AB281FA2309A00085BD6 /* iOSProjectSwift */,
			);
		};
/* End PBXProject section */

/* Begin PBXResourcesBuildPhase section */
		97F1AB271FA2309A00085BD6 /* Resources */ = {
			isa = PBXResourcesBuildPhase;
			buildActionMask = 2147483647;
			files = (
				97A6EF1E1FD04DFA00D9DDB5 /* FBLoginViewController.xib in Resources */,
				97F1AB341FA2309A00085BD6 /* Assets.xcassets in Resources */,
				97A6EF231FD0654500D9DDB5 /* FBUserDetailController.xib in Resources */,
				97766A6E1FBFC1E7000B3F89 /* LoadingView.xib in Resources */,
				97A136811FDB1D59000FBFAD /* FBUserCell.xib in Resources */,
				97A6EF271FD0977100D9DDB5 /* FBFriendsViewController.xib in Resources */,
			);
			runOnlyForDeploymentPostprocessing = 0;
		};
/* End PBXResourcesBuildPhase section */

/* Begin PBXShellScriptBuildPhase section */
		3305054D2FE7C3FEB6712CD1 /* [CP] Check Pods Manifest.lock */ = {
			isa = PBXShellScriptBuildPhase;
			buildActionMask = 2147483647;
			files = (
			);
			inputPaths = (
				"${PODS_PODFILE_DIR_PATH}/Podfile.lock",
				"${PODS_ROOT}/Manifest.lock",
			);
			name = "[CP] Check Pods Manifest.lock";
			outputPaths = (
				"$(DERIVED_FILE_DIR)/Pods-iOSProjectSwift-checkManifestLockResult.txt",
			);
			runOnlyForDeploymentPostprocessing = 0;
			shellPath = /bin/sh;
			shellScript = "diff \"${PODS_PODFILE_DIR_PATH}/Podfile.lock\" \"${PODS_ROOT}/Manifest.lock\" > /dev/null\nif [ $? != 0 ] ; then\n    # print error to STDERR\n    echo \"error: The sandbox is not in sync with the Podfile.lock. Run 'pod install' or update your CocoaPods installation.\" >&2\n    exit 1\nfi\n# This output is used by Xcode 'outputs' to avoid re-running this script phase.\necho \"SUCCESS\" > \"${SCRIPT_OUTPUT_FILE_0}\"\n";
			showEnvVarsInLog = 0;
		};
		FF7B06AB528787F1F0694F70 /* [CP] Embed Pods Frameworks */ = {
			isa = PBXShellScriptBuildPhase;
			buildActionMask = 2147483647;
			files = (
			);
			inputPaths = (
				"${SRCROOT}/Pods/Target Support Files/Pods-iOSProjectSwift/Pods-iOSProjectSwift-frameworks.sh",
				"${BUILT_PRODUCTS_DIR}/Bolts/Bolts.framework",
				"${BUILT_PRODUCTS_DIR}/FBSDKCoreKit/FBSDKCoreKit.framework",
				"${BUILT_PRODUCTS_DIR}/FBSDKLoginKit/FBSDKLoginKit.framework",
				"${BUILT_PRODUCTS_DIR}/FBSDKShareKit/FBSDKShareKit.framework",
				"${BUILT_PRODUCTS_DIR}/FacebookCore/FacebookCore.framework",
				"${BUILT_PRODUCTS_DIR}/FacebookLogin/FacebookLogin.framework",
				"${BUILT_PRODUCTS_DIR}/FacebookShare/FacebookShare.framework",
				"${BUILT_PRODUCTS_DIR}/RxCocoa/RxCocoa.framework",
				"${BUILT_PRODUCTS_DIR}/RxSwift/RxSwift.framework",
			);
			name = "[CP] Embed Pods Frameworks";
			outputPaths = (
				"${TARGET_BUILD_DIR}/${FRAMEWORKS_FOLDER_PATH}/Bolts.framework",
				"${TARGET_BUILD_DIR}/${FRAMEWORKS_FOLDER_PATH}/FBSDKCoreKit.framework",
				"${TARGET_BUILD_DIR}/${FRAMEWORKS_FOLDER_PATH}/FBSDKLoginKit.framework",
				"${TARGET_BUILD_DIR}/${FRAMEWORKS_FOLDER_PATH}/FBSDKShareKit.framework",
				"${TARGET_BUILD_DIR}/${FRAMEWORKS_FOLDER_PATH}/FacebookCore.framework",
				"${TARGET_BUILD_DIR}/${FRAMEWORKS_FOLDER_PATH}/FacebookLogin.framework",
				"${TARGET_BUILD_DIR}/${FRAMEWORKS_FOLDER_PATH}/FacebookShare.framework",
				"${TARGET_BUILD_DIR}/${FRAMEWORKS_FOLDER_PATH}/RxCocoa.framework",
				"${TARGET_BUILD_DIR}/${FRAMEWORKS_FOLDER_PATH}/RxSwift.framework",
			);
			runOnlyForDeploymentPostprocessing = 0;
			shellPath = /bin/sh;
			shellScript = "\"${SRCROOT}/Pods/Target Support Files/Pods-iOSProjectSwift/Pods-iOSProjectSwift-frameworks.sh\"\n";
			showEnvVarsInLog = 0;
		};
/* End PBXShellScriptBuildPhase section */

/* Begin PBXSourcesBuildPhase section */
		97F1AB251FA2309A00085BD6 /* Sources */ = {
			isa = PBXSourcesBuildPhase;
			buildActionMask = 2147483647;
			files = (
				97A1367F1FDB1D49000FBFAD /* FBUserCell.swift in Sources */,
				976E49031FDEE17B00EDC78E /* WeakHashable.swift in Sources */,
				97C377101FBFA01B002C637A /* BaseView.swift in Sources */,
				97C3770C1FBF9FFE002C637A /* ImageView.swift in Sources */,
				97FCD6AB1FB45F8C007BD5A9 /* InternetImageModel.swift in Sources */,
				97FC17341FC6E4A900F2F798 /* Array+Extensions.swift in Sources */,
				97E42DF01FCDFFEF00A09233 /* RootViewProtocol.swift in Sources */,
				972038E51FBF759E003D686C /* FBGetContext.swift in Sources */,
				97FC17321FC6E4A900F2F798 /* ImageModelCache.swift in Sources */,
				97FC17371FC6E4A900F2F798 /* UINib+Extensions.swift in Sources */,
				97C376F51FBF90AD002C637A /* FBLoginContext.swift in Sources */,
				97C377051FBF9F52002C637A /* FBUserDetailViewController.swift in Sources */,
				97FC17351FC6E4A900F2F798 /* FileManager+Extensions.swift in Sources */,
				97F1AB2D1FA2309A00085BD6 /* AppDelegate.swift in Sources */,
				97FC17361FC6E4A900F2F798 /* String+Extensions.swift in Sources */,
				97A6EF1C1FD04DE100D9DDB5 /* FBLoginView.swift in Sources */,
				97664CA91FE4365400A6D6AC /* Optional+Extensions.swift in Sources */,
				974809241FF6922B00CC34DB /* FBLoginViewModel.swift in Sources */,
				97A6B4E01FC8449900FACFE1 /* FBLogoutContext.swift in Sources */,
				97FC17331FC6E4A900F2F798 /* ObservableObject.swift in Sources */,
				97A6B4DC1FC8445B00FACFE1 /* FBUserDetailContext.swift in Sources */,
				97FC17311FC6E4A900F2F798 /* GlobalFunctions.swift in Sources */,
				9707950F1FBF2A0600BD986E /* FBUserModel.swift in Sources */,
				97A6EF1A1FCF005700D9DDB5 /* UIViewAutoresizing+Extensions.swift in Sources */,
				970795141FBF307C00BD986E /* UsersModel.swift in Sources */,
				97A6EF251FD0975B00D9DDB5 /* FBFriendsView.swift in Sources */,
				97C1F3D51FBD9F7F00F91F68 /* ArrayModelChangeAdd.swift in Sources */,
				97A6EF211FD0652D00D9DDB5 /* FBUserDetailView.swift in Sources */,
				97FCD6A71FB45F58007BD5A9 /* ImageModel.swift in Sources */,
				97C1F3D71FBD9F9600F91F68 /* ArrayModelChangeMove.swift in Sources */,
				97FC17381FC6E4A900F2F798 /* UITableView+Extensions.swift in Sources */,
				970795101FBF2A0600BD986E /* FBCurrentUserModel.swift in Sources */,
				97C1F3D31FBD9F6900F91F68 /* ArrayModelChange.swift in Sources */,
				97C377031FBF9F34002C637A /* FBLoginViewController.swift in Sources */,
				97C1F3D91FBD9FA600F91F68 /* ArrayModelChangeRemove.swift in Sources */,
				97A6B4E41FC880BC00FACFE1 /* FBParser.swift in Sources */,
				97A6B4DE1FC8446C00FACFE1 /* FBFriendsContext.swift in Sources */,
				97664CAC1FE46EA400A6D6AC /* Result.swift in Sources */,
				97A6EF2B1FD0A80F00D9DDB5 /* UIWindow+Extensions.swift in Sources */,
				97EED2241FB645A10088D7E8 /* ArrayModel.swift in Sources */,
				97C377071FBF9F66002C637A /* FBFriendsViewController.swift in Sources */,
				979CC5DE1FB306A10023529F /* Model.swift in Sources */,
				972038E41FBF759E003D686C /* Context.swift in Sources */,
				97FCD6A91FB45F77007BD5A9 /* FileSystemImageModel.swift in Sources */,
				97C377011FBF9F17002C637A /* FBViewController.swift in Sources */,
				97C3770E1FBFA00F002C637A /* LoadingView.swift in Sources */,
				970795111FBF2A0600BD986E /* UserModel.swift in Sources */,
			);
			runOnlyForDeploymentPostprocessing = 0;
		};
/* End PBXSourcesBuildPhase section */

/* Begin XCBuildConfiguration section */
		97F1AB391FA2309A00085BD6 /* Debug */ = {
			isa = XCBuildConfiguration;
			buildSettings = {
				ALWAYS_SEARCH_USER_PATHS = NO;
				CLANG_ANALYZER_NONNULL = YES;
				CLANG_ANALYZER_NUMBER_OBJECT_CONVERSION = YES_AGGRESSIVE;
				CLANG_CXX_LANGUAGE_STANDARD = "gnu++14";
				CLANG_CXX_LIBRARY = "libc++";
				CLANG_ENABLE_MODULES = YES;
				CLANG_ENABLE_OBJC_ARC = YES;
				CLANG_WARN_BLOCK_CAPTURE_AUTORELEASING = YES;
				CLANG_WARN_BOOL_CONVERSION = YES;
				CLANG_WARN_COMMA = YES;
				CLANG_WARN_CONSTANT_CONVERSION = YES;
				CLANG_WARN_DIRECT_OBJC_ISA_USAGE = YES_ERROR;
				CLANG_WARN_DOCUMENTATION_COMMENTS = YES;
				CLANG_WARN_EMPTY_BODY = YES;
				CLANG_WARN_ENUM_CONVERSION = YES;
				CLANG_WARN_INFINITE_RECURSION = YES;
				CLANG_WARN_INT_CONVERSION = YES;
				CLANG_WARN_NON_LITERAL_NULL_CONVERSION = YES;
				CLANG_WARN_OBJC_LITERAL_CONVERSION = YES;
				CLANG_WARN_OBJC_ROOT_CLASS = YES_ERROR;
				CLANG_WARN_RANGE_LOOP_ANALYSIS = YES;
				CLANG_WARN_STRICT_PROTOTYPES = YES;
				CLANG_WARN_SUSPICIOUS_MOVE = YES;
				CLANG_WARN_UNGUARDED_AVAILABILITY = YES_AGGRESSIVE;
				CLANG_WARN_UNREACHABLE_CODE = YES;
				CLANG_WARN__DUPLICATE_METHOD_MATCH = YES;
				CODE_SIGN_IDENTITY = "iPhone Developer";
				COPY_PHASE_STRIP = NO;
				DEBUG_INFORMATION_FORMAT = dwarf;
				ENABLE_STRICT_OBJC_MSGSEND = YES;
				ENABLE_TESTABILITY = YES;
				GCC_C_LANGUAGE_STANDARD = gnu11;
				GCC_DYNAMIC_NO_PIC = NO;
				GCC_NO_COMMON_BLOCKS = YES;
				GCC_OPTIMIZATION_LEVEL = 0;
				GCC_PREPROCESSOR_DEFINITIONS = (
					"DEBUG=1",
					"$(inherited)",
				);
				GCC_WARN_64_TO_32_BIT_CONVERSION = YES;
				GCC_WARN_ABOUT_RETURN_TYPE = YES_ERROR;
				GCC_WARN_UNDECLARED_SELECTOR = YES;
				GCC_WARN_UNINITIALIZED_AUTOS = YES_AGGRESSIVE;
				GCC_WARN_UNUSED_FUNCTION = YES;
				GCC_WARN_UNUSED_VARIABLE = YES;
				IPHONEOS_DEPLOYMENT_TARGET = 11.0;
				MTL_ENABLE_DEBUG_INFO = YES;
				ONLY_ACTIVE_ARCH = YES;
				SDKROOT = iphoneos;
				SWIFT_ACTIVE_COMPILATION_CONDITIONS = DEBUG;
				SWIFT_OPTIMIZATION_LEVEL = "-Onone";
			};
			name = Debug;
		};
		97F1AB3A1FA2309A00085BD6 /* Release */ = {
			isa = XCBuildConfiguration;
			buildSettings = {
				ALWAYS_SEARCH_USER_PATHS = NO;
				CLANG_ANALYZER_NONNULL = YES;
				CLANG_ANALYZER_NUMBER_OBJECT_CONVERSION = YES_AGGRESSIVE;
				CLANG_CXX_LANGUAGE_STANDARD = "gnu++14";
				CLANG_CXX_LIBRARY = "libc++";
				CLANG_ENABLE_MODULES = YES;
				CLANG_ENABLE_OBJC_ARC = YES;
				CLANG_WARN_BLOCK_CAPTURE_AUTORELEASING = YES;
				CLANG_WARN_BOOL_CONVERSION = YES;
				CLANG_WARN_COMMA = YES;
				CLANG_WARN_CONSTANT_CONVERSION = YES;
				CLANG_WARN_DIRECT_OBJC_ISA_USAGE = YES_ERROR;
				CLANG_WARN_DOCUMENTATION_COMMENTS = YES;
				CLANG_WARN_EMPTY_BODY = YES;
				CLANG_WARN_ENUM_CONVERSION = YES;
				CLANG_WARN_INFINITE_RECURSION = YES;
				CLANG_WARN_INT_CONVERSION = YES;
				CLANG_WARN_NON_LITERAL_NULL_CONVERSION = YES;
				CLANG_WARN_OBJC_LITERAL_CONVERSION = YES;
				CLANG_WARN_OBJC_ROOT_CLASS = YES_ERROR;
				CLANG_WARN_RANGE_LOOP_ANALYSIS = YES;
				CLANG_WARN_STRICT_PROTOTYPES = YES;
				CLANG_WARN_SUSPICIOUS_MOVE = YES;
				CLANG_WARN_UNGUARDED_AVAILABILITY = YES_AGGRESSIVE;
				CLANG_WARN_UNREACHABLE_CODE = YES;
				CLANG_WARN__DUPLICATE_METHOD_MATCH = YES;
				CODE_SIGN_IDENTITY = "iPhone Developer";
				COPY_PHASE_STRIP = NO;
				DEBUG_INFORMATION_FORMAT = "dwarf-with-dsym";
				ENABLE_NS_ASSERTIONS = NO;
				ENABLE_STRICT_OBJC_MSGSEND = YES;
				GCC_C_LANGUAGE_STANDARD = gnu11;
				GCC_NO_COMMON_BLOCKS = YES;
				GCC_WARN_64_TO_32_BIT_CONVERSION = YES;
				GCC_WARN_ABOUT_RETURN_TYPE = YES_ERROR;
				GCC_WARN_UNDECLARED_SELECTOR = YES;
				GCC_WARN_UNINITIALIZED_AUTOS = YES_AGGRESSIVE;
				GCC_WARN_UNUSED_FUNCTION = YES;
				GCC_WARN_UNUSED_VARIABLE = YES;
				IPHONEOS_DEPLOYMENT_TARGET = 11.0;
				MTL_ENABLE_DEBUG_INFO = NO;
				SDKROOT = iphoneos;
				SWIFT_OPTIMIZATION_LEVEL = "-Owholemodule";
				VALIDATE_PRODUCT = YES;
			};
			name = Release;
		};
		97F1AB3C1FA2309A00085BD6 /* Debug */ = {
			isa = XCBuildConfiguration;
			baseConfigurationReference = 94999868D8AD3E4F26077385 /* Pods-iOSProjectSwift.debug.xcconfig */;
			buildSettings = {
				ASSETCATALOG_COMPILER_APPICON_NAME = AppIcon;
				CODE_SIGN_STYLE = Automatic;
				INFOPLIST_FILE = iOSProjectSwift/Info.plist;
				LD_RUNPATH_SEARCH_PATHS = "$(inherited) @executable_path/Frameworks";
				PRODUCT_BUNDLE_IDENTIFIER = AB.iOSProjectSwift;
				PRODUCT_NAME = "$(TARGET_NAME)";
				SWIFT_VERSION = 4.0;
				TARGETED_DEVICE_FAMILY = "1,2";
			};
			name = Debug;
		};
		97F1AB3D1FA2309A00085BD6 /* Release */ = {
			isa = XCBuildConfiguration;
			baseConfigurationReference = D6A1CAB3BF78188444751878 /* Pods-iOSProjectSwift.release.xcconfig */;
			buildSettings = {
				ASSETCATALOG_COMPILER_APPICON_NAME = AppIcon;
				CODE_SIGN_STYLE = Automatic;
				INFOPLIST_FILE = iOSProjectSwift/Info.plist;
				LD_RUNPATH_SEARCH_PATHS = "$(inherited) @executable_path/Frameworks";
				PRODUCT_BUNDLE_IDENTIFIER = AB.iOSProjectSwift;
				PRODUCT_NAME = "$(TARGET_NAME)";
				SWIFT_VERSION = 4.0;
				TARGETED_DEVICE_FAMILY = "1,2";
			};
			name = Release;
		};
/* End XCBuildConfiguration section */

/* Begin XCConfigurationList section */
		97F1AB241FA2309A00085BD6 /* Build configuration list for PBXProject "iOSProjectSwift" */ = {
			isa = XCConfigurationList;
			buildConfigurations = (
				97F1AB391FA2309A00085BD6 /* Debug */,
				97F1AB3A1FA2309A00085BD6 /* Release */,
			);
			defaultConfigurationIsVisible = 0;
			defaultConfigurationName = Release;
		};
		97F1AB3B1FA2309A00085BD6 /* Build configuration list for PBXNativeTarget "iOSProjectSwift" */ = {
			isa = XCConfigurationList;
			buildConfigurations = (
				97F1AB3C1FA2309A00085BD6 /* Debug */,
				97F1AB3D1FA2309A00085BD6 /* Release */,
			);
			defaultConfigurationIsVisible = 0;
			defaultConfigurationName = Release;
		};
/* End XCConfigurationList section */
	};
	rootObject = 97F1AB211FA2309A00085BD6 /* Project object */;
}
